
Microsoft Visual Studio Solution File, Format Version 12.00
# Visual Studio Version 16
VisualStudioVersion = 25.0.1700.0
MinimumVisualStudioVersion = 10.0.40219.1
Project("{FAE04EC0-301F-11D3-BF4B-00C04F79EFBC}") = "Library_Terminal", "Library_Terminal.csproj", "{026F79FB-0163-4A37-906F-089AD9E11DA4}"
EndProject
Global
	GlobalSection(SolutionConfigurationPlatforms) = preSolution
		Debug|Any CPU = Debug|Any CPU
		Release|Any CPU = Release|Any CPU
	EndGlobalSection
	GlobalSection(ProjectConfigurationPlatforms) = postSolution
		{026F79FB-0163-4A37-906F-089AD9E11DA4}.Debug|Any CPU.ActiveCfg = Debug|Any CPU
		{026F79FB-0163-4A37-906F-089AD9E11DA4}.Debug|Any CPU.Build.0 = Debug|Any CPU
		{026F79FB-0163-4A37-906F-089AD9E11DA4}.Release|Any CPU.ActiveCfg = Release|Any CPU
		{026F79FB-0163-4A37-906F-089AD9E11DA4}.Release|Any CPU.Build.0 = Release|Any CPU
	EndGlobalSection
	GlobalSection(SolutionProperties) = preSolution
		HideSolutionNode = FALSE
	EndGlobalSection
	GlobalSection(ExtensibilityGlobals) = postSolution
		SolutionGuid = {5BF74CB9-AD73-4125-849B-840BBFD034E2}
	EndGlobalSection
EndGlobal
